Microsoft Visual Studio Solution File, Format Version 12.00
# Visual Studio 2012
Project("{FAE04EC0-301F-11D3-BF4B-00C04F79EFBC}") = "Film Developments Prototype", "Film Developments Prototype.csproj", "{EB88A62A-46D9-4DBF-9802-44D324DAE7A1}"
EndProject
Global
	GlobalSection(SolutionConfigurationPlatforms) = preSolution
	Debug|Any CPU = Debug|Any CPU
	ExportDebug|Any CPU = ExportDebug|Any CPU
	ExportRelease|Any CPU = ExportRelease|Any CPU
	EndGlobalSection
	GlobalSection(ProjectConfigurationPlatforms) = postSolution
		{EB88A62A-46D9-4DBF-9802-44D324DAE7A1}.Debug|Any CPU.ActiveCfg = Debug|Any CPU
		{EB88A62A-46D9-4DBF-9802-44D324DAE7A1}.Debug|Any CPU.Build.0 = Debug|Any CPU
		{EB88A62A-46D9-4DBF-9802-44D324DAE7A1}.ExportDebug|Any CPU.ActiveCfg = ExportDebug|Any CPU
		{EB88A62A-46D9-4DBF-9802-44D324DAE7A1}.ExportDebug|Any CPU.Build.0 = ExportDebug|Any CPU
		{EB88A62A-46D9-4DBF-9802-44D324DAE7A1}.ExportRelease|Any CPU.ActiveCfg = ExportRelease|Any CPU
		{EB88A62A-46D9-4DBF-9802-44D324DAE7A1}.ExportRelease|Any CPU.Build.0 = ExportRelease|Any CPU
	EndGlobalSection
EndGlobal
